{
  "name": "@ecromaneli/true-skill",
  "version": "0.2.4",
  "lockfileVersion": 1,
  "requires": true,
  "dependencies": {
    "@types/node": {
      "version": "14.14.12",
      "resolved": "https://registry.npmjs.org/@types/node/-/node-14.14.12.tgz",
      "integrity": "sha512-ASH8OPHMNlkdjrEdmoILmzFfsJICvhBsFfAum4aKZ/9U4B6M6tTmTPh+f3ttWdD74CEGV5XvXWkbyfSdXaTd7g==",
      "dev": true
    },
    "ask-sdk-core": {
      "version": "2.10.1",
      "resolved": "https://registry.npmjs.org/ask-sdk-core/-/ask-sdk-core-2.10.1.tgz",
      "integrity": "sha512-C6NaCccoJQaMJYoRlFvS4Yzk3pPTjZF3qAOEyYPZVqOkscZSz0PW25jPhLDwRYp2ynnQbqK9cd6N1APH0Xru7w==",
      "dev": true,
      "requires": {
        "ask-sdk-runtime": "^2.10.1"
      }
    },
    "ask-sdk-model": {
      "version": "1.34.1",
      "resolved": "https://registry.npmjs.org/ask-sdk-model/-/ask-sdk-model-1.34.1.tgz",
      "integrity": "sha512-bnKzRczfmk7uYHtPNFxQbngwUCB7wnL/bAgOKXYehDKiRX3kpoIoZPzpCadSPp9OcyN7Iq6CW1zkADW5IT6CLA==",
      "dev": true
    },
    "ask-sdk-runtime": {
      "version": "2.10.1",
      "resolved": "https://registry.npmjs.org/ask-sdk-runtime/-/ask-sdk-runtime-2.10.1.tgz",
      "integrity": "sha512-BFEs0UFGvjpKmbYSVhcFa1Oh+eyfCkWULanV+mWTxHTJ7aeB+UsZ8TvkDWZOnHsn0shAFtvkmun4tjx8eOR7uA==",
      "dev": true
    },
    "fs-persistence-adapter": {
      "version": "0.1.1",
      "resolved": "https://registry.npmjs.org/fs-persistence-adapter/-/fs-persistence-adapter-0.1.1.tgz",
      "integrity": "sha512-qgrG4y/UooAPIaswuj+sKKtDBXviJPjaVFveXIOtcoZh/aNHO7z4AIeDt0SDNHJtAFflrPkwS7Rnfr/Ob+lOeg==",
      "dev": true,
      "requires": {
        "@types/node": "^14.14.12"
      }
    },
    "typescript": {
      "version": "4.1.2",
      "resolved": "https://registry.npmjs.org/typescript/-/typescript-4.1.2.tgz",
      "integrity": "sha512-thGloWsGH3SOxv1SoY7QojKi0tc+8FnOmiarEGMbd/lar7QOEd3hvlx3Fp5y6FlDUGl9L+pd4n2e+oToGMmhRQ==",
      "dev": true
    },
    "uglify-js": {
      "version": "3.12.1",
      "resolved": "https://registry.npmjs.org/uglify-js/-/uglify-js-3.12.1.tgz",
      "integrity": "sha512-o8lHP20KjIiQe5b/67Rh68xEGRrc2SRsCuuoYclXXoC74AfSRGblU1HKzJWH3HxPZ+Ort85fWHpSX7KwBUC9CQ==",
      "dev": true
    }
  }
}
